
Microsoft Visual Studio Solution File, Format Version 12.00
# Visual Studio Version 17
VisualStudioVersion = 17.0.31903.59
MinimumVisualStudioVersion = 10.0.40219.1
Project("{FAE04EC0-301F-11D3-BF4B-00C04F79EFBC}") = "DeepFace.Console", "DeepFace.Console\DeepFace.Console.csproj", "{987FDF6F-8D59-4780-9D60-15EB17D5E3A8}"
EndProject
Project("{9A19103F-16F7-4668-BE54-9A1E7A4F7556}") = "DeepFace.Bindings", "..\DeepFace.Bindings\DeepFace.Bindings.csproj", "{B10C0646-89A8-4E93-9169-28B1A27640D4}"
EndProject
Global
	GlobalSection(SolutionConfigurationPlatforms) = preSolution
		Debug|Any CPU = Debug|Any CPU
		Release|Any CPU = Release|Any CPU
	EndGlobalSection
	GlobalSection(ProjectConfigurationPlatforms) = postSolution
		{987FDF6F-8D59-4780-9D60-15EB17D5E3A8}.Debug|Any CPU.ActiveCfg = Debug|Any CPU
		{987FDF6F-8D59-4780-9D60-15EB17D5E3A8}.Debug|Any CPU.Build.0 = Debug|Any CPU
		{987FDF6F-8D59-4780-9D60-15EB17D5E3A8}.Release|Any CPU.ActiveCfg = Release|Any CPU
		{987FDF6F-8D59-4780-9D60-15EB17D5E3A8}.Release|Any CPU.Build.0 = Release|Any CPU
		{B10C0646-89A8-4E93-9169-28B1A27640D4}.Debug|Any CPU.ActiveCfg = Debug|Any CPU
		{B10C0646-89A8-4E93-9169-28B1A27640D4}.Debug|Any CPU.Build.0 = Debug|Any CPU
		{B10C0646-89A8-4E93-9169-28B1A27640D4}.Release|Any CPU.ActiveCfg = Release|Any CPU
		{B10C0646-89A8-4E93-9169-28B1A27640D4}.Release|Any CPU.Build.0 = Release|Any CPU
	EndGlobalSection
	GlobalSection(SolutionProperties) = preSolution
		HideSolutionNode = FALSE
	EndGlobalSection
	GlobalSection(ExtensibilityGlobals) = postSolution
		SolutionGuid = {95C47CF9-2D3C-4CEC-9796-40D9CB2DE565}
	EndGlobalSection
EndGlobal
